<?xml version="1.0" encoding="utf-8"?>
<Project ToolsVersion="4.0" xmlns="http://schemas.microsoft.com/developer/msbuild/2003">
  <ItemGroup>
    <Filter Include="Source Files">
      <UniqueIdentifier>{4FC737F1-C7A5-4376-A066-2A32D752A2FF}</UniqueIdentifier>
      <Extensions>cpp;c;cc;cxx;c++;cppm;ixx;def;odl;idl;hpj;bat;asm;asmx</Extensions>
    </Filter>
    <Filter Include="Header Files">
      <UniqueIdentifier>{93995380-89BD-4b04-88EB-625FBE52EBFB}</UniqueIdentifier>
      <Extensions>h;hh;hpp;hxx;h++;hm;inl;inc;ipp;xsd</Extensions>
    </Filter>
    <Filter Include="Resource Files">
      <UniqueIdentifier>{67DA6AB6-F800-4c08-8B7A-83BB121AAD01}</UniqueIdentifier>
      <Extensions>rc;ico;cur;bmp;dlg;rc2;rct;bin;rgs;gif;jpg;jpeg;jpe;resx;tiff;tif;png;wav;mfcribbon-ms</Extensions>
    </Filter>
  </ItemGroup>
  <ItemGroup>
    <ClCompile Include="Source\PCH\pch.cpp">
      <Filter>Source Files</Filter>
    </ClCompile>
    <ClCompile Include="Source\Utils\Logger.cpp">
      <Filter>Source Files</Filter>
    </ClCompile>
    <ClCompile Include="Source\Components\Impl\Camera.cpp">
      <Filter>Source Files</Filter>
    </ClCompile>
    <ClCompile Include="Source\Core\CameraController.cpp">
      <Filter>Source Files</Filter>
    </ClCompile>
    <ClCompile Include="Source\Core\Engine.cpp">
      <Filter>Source Files</Filter>
    </ClCompile>
    <ClCompile Include="Source\Scene\Scene.cpp">
      <Filter>Source Files</Filter>
    </ClCompile>
    <ClCompile Include="Source\Platform\Windows\FileDialog.cpp">
      <Filter>Source Files</Filter>
    </ClCompile>
    <ClCompile Include="Source\Modules\Physics\Algorithms\SAT.cpp">
      <Filter>Source Files</Filter>
    </ClCompile>
    <ClCompile Include="Source\Modules\Physics\Utils.cpp">
      <Filter>Source Files</Filter>
    </ClCompile>
    <ClCompile Include="Source\Modules\Physics\World.cpp">
      <Filter>Source Files</Filter>
    </ClCompile>
    <ClCompile Include="Source\Modules\Physics\Algorithms\GJK.cpp">
      <Filter>Source Files</Filter>
    </ClCompile>
    <ClCompile Include="Source\Modules\Physics\Data\AABB.cpp">
      <Filter>Source Files</Filter>
    </ClCompile>
    <ClCompile Include="Source\Modules\Physics\Pipeline\Pipeline.cpp">
      <Filter>Source Files</Filter>
    </ClCompile>
    <ClCompile Include="Source\Modules\Physics\Algorithms\SAP.cpp">
      <Filter>Source Files</Filter>
    </ClCompile>
    <ClCompile Include="Source\Modules\Physics\Algorithms\MD.cpp">
      <Filter>Source Files</Filter>
    </ClCompile>
    <ClCompile Include="Source\Core\PolygonBuilder.cpp">
      <Filter>Source Files</Filter>
    </ClCompile>
    <ClCompile Include="Source\Utils\Profiler.cpp">
      <Filter>Source Files</Filter>
    </ClCompile>
    <ClCompile Include="Source\App\Application.cpp">
      <Filter>Source Files</Filter>
    </ClCompile>
    <ClCompile Include="Source\Modules\Renderer\LoadUtils.cpp">
      <Filter>Source Files</Filter>
    </ClCompile>
    <ClCompile Include="Source\Core\RenderingSystem.cpp">
      <Filter>Source Files</Filter>
    </ClCompile>
    <ClCompile Include="Source\Scene\SceneNode.cpp">
      <Filter>Source Files</Filter>
    </ClCompile>
    <ClCompile Include="Source\Utils\Json.cpp">
      <Filter>Source Files</Filter>
    </ClCompile>
    <ClCompile Include="Source\Scene\Serialization\JsonSerializer.cpp">
      <Filter>Source Files</Filter>
    </ClCompile>
    <ClCompile Include="Source\Core\PhysicsSystem.cpp">
      <Filter>Source Files</Filter>
    </ClCompile>
    <ClCompile Include="Source\Components\Impl\Common.cpp">
      <Filter>Source Files</Filter>
    </ClCompile>
    <ClCompile Include="Source\Components\Impl\Lights.cpp">
      <Filter>Source Files</Filter>
    </ClCompile>
    <ClCompile Include="Source\Core\AssetLoader.cpp">
      <Filter>Source Files</Filter>
    </ClCompile>
    <ClCompile Include="Source\Modules\Renderer\Model\Material.cpp">
      <Filter>Source Files</Filter>
    </ClCompile>
    <ClCompile Include="Source\Modules\Renderer\MeshFactory.cpp">
      <Filter>Source Files</Filter>
    </ClCompile>
    <ClCompile Include="Source\Core\InputState.cpp">
      <Filter>Source Files</Filter>
    </ClCompile>
    <ClCompile Include="Source\Modules\Renderer\gltf\GLTFBuilder.cpp">
      <Filter>Source Files</Filter>
    </ClCompile>
    <ClCompile Include="Source\Utils\FileUtils.cpp">
      <Filter>Source Files</Filter>
    </ClCompile>
    <ClCompile Include="Source\Core\ScriptSystem.cpp">
      <Filter>Source Files</Filter>
    </ClCompile>
    <ClCompile Include="Source\Editor\Editor.cpp">
      <Filter>Source Files</Filter>
    </ClCompile>
    <ClCompile Include="Source\Editor\Panels\HierarchyPanel.cpp">
      <Filter>Source Files</Filter>
    </ClCompile>
    <ClCompile Include="Source\Editor\Menus\FileMenu.cpp">
      <Filter>Source Files</Filter>
    </ClCompile>
    <ClCompile Include="Source\Editor\Views\Viewport.cpp">
      <Filter>Source Files</Filter>
    </ClCompile>
    <ClCompile Include="Source\Editor\Panels\ViewportPanel.cpp">
      <Filter>Source Files</Filter>
    </ClCompile>
    <ClCompile Include="Source\Editor\Panels\InspectorPanel.cpp">
      <Filter>Source Files</Filter>
    </ClCompile>
    <ClCompile Include="Source\Editor\Views\Components.cpp">
      <Filter>Source Files</Filter>
    </ClCompile>
    <ClCompile Include="Source\Editor\Views\Helpers.cpp">
      <Filter>Source Files</Filter>
    </ClCompile>
    <ClCompile Include="Source\Editor\Panels\PhysicsSettingsPanel.cpp">
      <Filter>Source Files</Filter>
    </ClCompile>
    <ClCompile Include="Source\Editor\Panels\GraphicsSettingsPanel.cpp">
      <Filter>Source Files</Filter>
    </ClCompile>
    <ClCompile Include="Source\Editor\Panels\BloomPanel.cpp">
      <Filter>Source Files</Filter>
    </ClCompile>
    <ClCompile Include="Source\Modules\Physics\Algorithms\Clip.cpp">
      <Filter>Source Files</Filter>
    </ClCompile>
    <ClCompile Include="Source\Modules\Physics\Pipeline\Collision.cpp">
      <Filter>Source Files</Filter>
    </ClCompile>
    <ClCompile Include="Source\Components\Impl\Drawable.cpp">
      <Filter>Source Files</Filter>
    </ClCompile>
    <ClCompile Include="Source\Modules\Renderer\Vulkan\VulkanWindow.cpp">
      <Filter>Source Files</Filter>
    </ClCompile>
    <ClCompile Include="Source\Modules\Renderer\Vulkan\Shaderc.cpp">
      <Filter>Source Files</Filter>
    </ClCompile>
    <ClCompile Include="Source\Modules\Renderer\MemoryAllocator.cpp">
      <Filter>Source Files</Filter>
    </ClCompile>
    <ClCompile Include="Source\Modules\Renderer\Buffer.cpp">
      <Filter>Source Files</Filter>
    </ClCompile>
    <ClCompile Include="Source\Modules\Renderer\Resources.cpp">
      <Filter>Source Files</Filter>
    </ClCompile>
    <ClCompile Include="Source\Main\Entry.cpp">
      <Filter>Source Files</Filter>
    </ClCompile>
    <ClCompile Include="Source\Modules\Renderer\MemoryTransfer.cpp">
      <Filter>Source Files</Filter>
    </ClCompile>
    <ClCompile Include="Source\Modules\Renderer\DeferredPass.cpp">
      <Filter>Source Files</Filter>
    </ClCompile>
    <ClCompile Include="Source\Editor\Utils\EditorImage.cpp">
      <Filter>Source Files</Filter>
    </ClCompile>
    <ClCompile Include="Source\Modules\Renderer\ShadowMapPass.cpp">
      <Filter>Source Files</Filter>
    </ClCompile>
    <ClCompile Include="Source\Modules\Renderer\Renderer.cpp">
      <Filter>Source Files</Filter>
    </ClCompile>
    <ClCompile Include="Source\Modules\Renderer\Model\ShadowMap.cpp">
      <Filter>Source Files</Filter>
    </ClCompile>
    <ClCompile Include="Source\Modules\Renderer\Data\Vertex.cpp">
      <Filter>Source Files</Filter>
    </ClCompile>
    <ClCompile Include="Source\Modules\Renderer\Vulkan\Device.cpp">
      <Filter>Source Files</Filter>
    </ClCompile>
    <ClCompile Include="Source\Core\GLTFReader.cpp">
      <Filter>Source Files</Filter>
    </ClCompile>
    <ClCompile Include="Source\Modules\Renderer\Commands.cpp">
      <Filter>Source Files</Filter>
    </ClCompile>
    <ClCompile Include="Source\Modules\Renderer\ImageDescriptorArray.cpp">
      <Filter>Source Files</Filter>
    </ClCompile>
    <ClCompile Include="Source\Core\ColliderPass.cpp">
      <Filter>Source Files</Filter>
    </ClCompile>
    <ClCompile Include="Source\Modules\Physics\Data\Collider.cpp">
      <Filter>Source Files</Filter>
    </ClCompile>
  </ItemGroup>
  <ItemGroup>
    <ClInclude Include="Source\PCH\pch.h">
      <Filter>Header Files</Filter>
    </ClInclude>
    <ClInclude Include="Source\Utils\Logger.h">
      <Filter>Header Files</Filter>
    </ClInclude>
    <ClInclude Include="Source\Utils\Timer.h">
      <Filter>Header Files</Filter>
    </ClInclude>
    <ClInclude Include="Source\Components\Camera.h">
      <Filter>Header Files</Filter>
    </ClInclude>
    <ClInclude Include="Source\Components\Lights.h">
      <Filter>Header Files</Filter>
    </ClInclude>
    <ClInclude Include="Source\Components\Common.h">
      <Filter>Header Files</Filter>
    </ClInclude>
    <ClInclude Include="Source\Core\CameraController.h">
      <Filter>Header Files</Filter>
    </ClInclude>
    <ClInclude Include="Source\Utils\Input.h">
      <Filter>Header Files</Filter>
    </ClInclude>
    <ClInclude Include="Source\Core\InputState.h">
      <Filter>Header Files</Filter>
    </ClInclude>
    <ClInclude Include="Source\Core\Engine.h">
      <Filter>Header Files</Filter>
    </ClInclude>
    <ClInclude Include="Source\Components\Drawable.h">
      <Filter>Header Files</Filter>
    </ClInclude>
    <ClInclude Include="Source\Components\All.h">
      <Filter>Header Files</Filter>
    </ClInclude>
    <ClInclude Include="Source\Scene\Scene.h">
      <Filter>Header Files</Filter>
    </ClInclude>
    <ClInclude Include="Source\Platform\FileDialog.h">
      <Filter>Header Files</Filter>
    </ClInclude>
    <ClInclude Include="Source\Utils\Template.h">
      <Filter>Header Files</Filter>
    </ClInclude>
    <ClInclude Include="Source\Core\PolygonBuilder.h">
      <Filter>Source Files</Filter>
    </ClInclude>
    <ClInclude Include="Source\Modules\Physics\Algorithms\SAT.h">
      <Filter>Header Files</Filter>
    </ClInclude>
    <ClInclude Include="Source\Modules\Physics\World.h">
      <Filter>Header Files</Filter>
    </ClInclude>
    <ClInclude Include="Source\Modules\Physics\Utils.h">
      <Filter>Header Files</Filter>
    </ClInclude>
    <ClInclude Include="Source\Modules\Physics\Algorithms\GJK.h">
      <Filter>Header Files</Filter>
    </ClInclude>
    <ClInclude Include="Source\Modules\Physics\Data\AABB.h">
      <Filter>Header Files</Filter>
    </ClInclude>
    <ClInclude Include="Source\Modules\Physics\Pipeline\Pipeline.h">
      <Filter>Header Files</Filter>
    </ClInclude>
    <ClInclude Include="Source\Modules\Physics\Algorithms\SAP.h">
      <Filter>Header Files</Filter>
    </ClInclude>
    <ClInclude Include="Source\Modules\Physics\Algorithms\MD.h">
      <Filter>Header Files</Filter>
    </ClInclude>
    <ClInclude Include="Source\Utils\Profiler.h">
      <Filter>Header Files</Filter>
    </ClInclude>
    <ClInclude Include="Source\App\Application.h">
      <Filter>Header Files</Filter>
    </ClInclude>
    <ClInclude Include="Source\Modules\Renderer\Model\Mesh.h">
      <Filter>Header Files</Filter>
    </ClInclude>
    <ClInclude Include="Source\Core\RenderingSystem.h">
      <Filter>Header Files</Filter>
    </ClInclude>
    <ClInclude Include="Source\Modules\Renderer\Data\Lights.h">
      <Filter>Header Files</Filter>
    </ClInclude>
    <ClInclude Include="Source\Modules\Renderer\LoadUtils.h">
      <Filter>Header Files</Filter>
    </ClInclude>
    <ClInclude Include="Source\Scene\Entity.h">
      <Filter>Header Files</Filter>
    </ClInclude>
    <ClInclude Include="Source\Scene\SceneNode.h">
      <Filter>Header Files</Filter>
    </ClInclude>
    <ClInclude Include="Source\Utils\Json.h">
      <Filter>Header Files</Filter>
    </ClInclude>
    <ClInclude Include="Source\Scene\Serialization\JsonSerializer.h">
      <Filter>Header Files</Filter>
    </ClInclude>
    <ClInclude Include="Source\Core\PhysicsSystem.h">
      <Filter>Header Files</Filter>
    </ClInclude>
    <ClInclude Include="Source\Utils\Observed.h">
      <Filter>Header Files</Filter>
    </ClInclude>
    <ClInclude Include="Source\Core\AssetLoader.h">
      <Filter>Header Files</Filter>
    </ClInclude>
    <ClInclude Include="Source\Modules\Renderer\Model\Material.h">
      <Filter>Header Files</Filter>
    </ClInclude>
    <ClInclude Include="Source\Modules\Renderer\Data\Vertex.h">
      <Filter>Header Files</Filter>
    </ClInclude>
    <ClInclude Include="Source\Modules\Renderer\Data\Material.h">
      <Filter>Header Files</Filter>
    </ClInclude>
    <ClInclude Include="Source\Main\GameLoop.h">
      <Filter>Header Files</Filter>
    </ClInclude>
    <ClInclude Include="Source\Modules\Renderer\GLTF\GLTF.h">
      <Filter>Header Files</Filter>
    </ClInclude>
    <ClInclude Include="Source\Scene\Serialization\GLTFSerializer.h">
      <Filter>Header Files</Filter>
    </ClInclude>
    <ClInclude Include="Source\Modules\Renderer\GLTF\GLTFBuilder.h">
      <Filter>Header Files</Filter>
    </ClInclude>
    <ClInclude Include="Source\Utils\FileUtils.h">
      <Filter>Header Files</Filter>
    </ClInclude>
    <ClInclude Include="Source\Components\Physics.h">
      <Filter>Header Files</Filter>
    </ClInclude>
    <ClInclude Include="Source\Core\ScriptSystem.h">
      <Filter>Header Files</Filter>
    </ClInclude>
    <ClInclude Include="Source\Editor\Editor.h">
      <Filter>Header Files</Filter>
    </ClInclude>
    <ClInclude Include="Source\Editor\Menus\include\Menu.h">
      <Filter>Header Files</Filter>
    </ClInclude>
    <ClInclude Include="Source\Editor\Panels\include\HierarchyPanel.h">
      <Filter>Header Files</Filter>
    </ClInclude>
    <ClInclude Include="Source\Editor\Panels\include\Panel.h">
      <Filter>Header Files</Filter>
    </ClInclude>
    <ClInclude Include="Source\Editor\Panels\include\All.h">
      <Filter>Header Files</Filter>
    </ClInclude>
    <ClInclude Include="Source\Editor\Menus\include\All.h">
      <Filter>Header Files</Filter>
    </ClInclude>
    <ClInclude Include="Source\Editor\View.h">
      <Filter>Header Files</Filter>
    </ClInclude>
    <ClInclude Include="Source\Editor\Views\include\Viewport.h">
      <Filter>Header Files</Filter>
    </ClInclude>
    <ClInclude Include="Source\Editor\Menus\include\FileMenu.h">
      <Filter>Header Files</Filter>
    </ClInclude>
    <ClInclude Include="Source\Editor\Panels\include\ViewportPanel.h">
      <Filter>Header Files</Filter>
    </ClInclude>
    <ClInclude Include="Source\Editor\Panels\include\InspectorPanel.h">
      <Filter>Header Files</Filter>
    </ClInclude>
    <ClInclude Include="Source\Editor\Views\include\Components.h">
      <Filter>Header Files</Filter>
    </ClInclude>
    <ClInclude Include="Source\Editor\Views\include\Helpers.h">
      <Filter>Header Files</Filter>
    </ClInclude>
    <ClInclude Include="Source\Editor\Panels\include\PhysicsSettingsPanel.h">
      <Filter>Header Files</Filter>
    </ClInclude>
    <ClInclude Include="Source\Editor\Panels\include\GraphicsSettingsPanel.h">
      <Filter>Header Files</Filter>
    </ClInclude>
    <ClInclude Include="Source\Editor\Panels\include\BloomPanel.h">
      <Filter>Header Files</Filter>
    </ClInclude>
    <ClInclude Include="Source\Editor\Views\include\ShaderView.h">
      <Filter>Header Files</Filter>
    </ClInclude>
    <ClInclude Include="Source\Editor\Utils\Utils.h">
      <Filter>Header Files</Filter>
    </ClInclude>
    <ClInclude Include="Source\Modules\Physics\Algorithms\Clip.h">
      <Filter>Header Files</Filter>
    </ClInclude>
    <ClInclude Include="Source\Modules\Physics\Pipeline\Collision.h">
      <Filter>Header Files</Filter>
    </ClInclude>
    <ClInclude Include="Source\Modules\Physics\Data\Collider.h">
      <Filter>Header Files</Filter>
    </ClInclude>
    <ClInclude Include="Source\Modules\Physics\Data\Kinematic.h">
      <Filter>Header Files</Filter>
    </ClInclude>
    <ClInclude Include="Source\Modules\Physics\Data\Object.h">
      <Filter>Header Files</Filter>
    </ClInclude>
    <ClInclude Include="Source\Modules\Physics\Data\CollisionResult.h">
      <Filter>Header Files</Filter>
    </ClInclude>
    <ClInclude Include="Source\Modules\Renderer\Model\Object.h">
      <Filter>Header Files</Filter>
    </ClInclude>
    <ClInclude Include="Source\Modules\Renderer\MeshFactory.h">
      <Filter>Header Files</Filter>
    </ClInclude>
    <ClInclude Include="Source\Core\GLTFReader.h">
      <Filter>Header Files</Filter>
    </ClInclude>
    <ClInclude Include="Source\Modules\Renderer\Vulkan\VulkanContext.h">
      <Filter>Header Files</Filter>
    </ClInclude>
    <ClInclude Include="Source\Modules\Renderer\Vulkan\VkSuccess.h">
      <Filter>Header Files</Filter>
    </ClInclude>
    <ClInclude Include="Source\Modules\Renderer\Vulkan\SwapChain.h">
      <Filter>Header Files</Filter>
    </ClInclude>
    <ClInclude Include="Source\Modules\Renderer\Vulkan\Window.h">
      <Filter>Header Files</Filter>
    </ClInclude>
    <ClInclude Include="Source\Modules\Renderer\Vulkan\Device.h">
      <Filter>Header Files</Filter>
    </ClInclude>
    <ClInclude Include="Source\Modules\Renderer\Vulkan\Semaphore.h">
      <Filter>Header Files</Filter>
    </ClInclude>
    <ClInclude Include="Source\Modules\Renderer\Vulkan\Buffer.h">
      <Filter>Header Files</Filter>
    </ClInclude>
    <ClInclude Include="Source\Modules\Renderer\Vulkan\CommandBuffer.h">
      <Filter>Header Files</Filter>
    </ClInclude>
    <ClInclude Include="Source\Modules\Renderer\Vulkan\DescriptorSet.h">
      <Filter>Header Files</Filter>
    </ClInclude>
    <ClInclude Include="Source\Modules\Renderer\Vulkan\DeviceMemory.h">
      <Filter>Header Files</Filter>
    </ClInclude>
    <ClInclude Include="Source\Modules\Renderer\Vulkan\Framebuffer.h">
      <Filter>Header Files</Filter>
    </ClInclude>
    <ClInclude Include="Source\Modules\Renderer\Vulkan\Image.h">
      <Filter>Header Files</Filter>
    </ClInclude>
    <ClInclude Include="Source\Modules\Renderer\Vulkan\RenderPass.h">
      <Filter>Header Files</Filter>
    </ClInclude>
    <ClInclude Include="Source\Modules\Renderer\Vulkan\Sampler.h">
      <Filter>Header Files</Filter>
    </ClInclude>
    <ClInclude Include="Source\Modules\Renderer\Vulkan\Pipeline.h">
      <Filter>Header Files</Filter>
    </ClInclude>
    <ClInclude Include="Source\Modules\Renderer\Vulkan\Shaderc.h">
      <Filter>Header Files</Filter>
    </ClInclude>
    <ClInclude Include="Source\Modules\Renderer\Vulkan\ShaderModule.h">
      <Filter>Header Files</Filter>
    </ClInclude>
    <ClInclude Include="Source\Modules\Renderer\MemoryAllocator.h">
      <Filter>Header Files</Filter>
    </ClInclude>
    <ClInclude Include="Source\Modules\Renderer\Vulkan\PhysicalDevice.h">
      <Filter>Header Files</Filter>
    </ClInclude>
    <ClInclude Include="Source\Modules\Renderer\MemoryTransfer.h">
      <Filter>Header Files</Filter>
    </ClInclude>
    <ClInclude Include="Source\Modules\Renderer\Commands.h">
      <Filter>Header Files</Filter>
    </ClInclude>
    <ClInclude Include="Source\Modules\Renderer\Buffer.h">
      <Filter>Header Files</Filter>
    </ClInclude>
    <ClInclude Include="Source\Modules\Renderer\DeviceData.h">
      <Filter>Header Files</Filter>
    </ClInclude>
    <ClInclude Include="Source\Modules\Renderer\Resources.h">
      <Filter>Header Files</Filter>
    </ClInclude>
    <ClInclude Include="Source\Modules\Renderer\Image.h">
      <Filter>Header Files</Filter>
    </ClInclude>
    <ClInclude Include="Source\Modules\Renderer\RenderPass.h">
      <Filter>Header Files</Filter>
    </ClInclude>
    <ClInclude Include="Source\Modules\Renderer\DeferredPass.h">
      <Filter>Header Files</Filter>
    </ClInclude>
    <ClInclude Include="Source\Modules\Renderer\EditorPass.h">
      <Filter>Header Files</Filter>
    </ClInclude>
    <ClInclude Include="Source\Modules\Renderer\Renderer.h">
      <Filter>Header Files</Filter>
    </ClInclude>
    <ClInclude Include="Source\Modules\Renderer\Model\Lights.h">
      <Filter>Header Files</Filter>
    </ClInclude>
    <ClInclude Include="Source\Modules\Renderer\Model\DeviceData.h">
      <Filter>Header Files</Filter>
    </ClInclude>
    <ClInclude Include="Source\Modules\Renderer\BufferCopy.h">
      <Filter>Header Files</Filter>
    </ClInclude>
    <ClInclude Include="Source\Editor\Utils\EditorImage.h">
      <Filter>Header Files</Filter>
    </ClInclude>
    <ClInclude Include="Source\Modules\Renderer\ShadowMapPass.h">
      <Filter>Header Files</Filter>
    </ClInclude>
    <ClInclude Include="Source\Modules\Renderer\Model\ShadowMap.h">
      <Filter>Header Files</Filter>
    </ClInclude>
    <ClInclude Include="Source\Modules\Renderer\ImageDescriptorArray.h">
      <Filter>Header Files</Filter>
    </ClInclude>
    <ClInclude Include="Source\Core\ColliderPass.h">
      <Filter>Header Files</Filter>
    </ClInclude>
  </ItemGroup>
  <ItemGroup>
    <None Include="..\..\..\..\OneDrive\Dokumentumok\GameEngine_0\GameEngineEditor\resources\shaders\lightPass.shader" />
    <None Include="Source\Shaders\lightPass.shader" />
    <None Include="Source\Shaders\gPass.shader" />
    <None Include="Source\Shaders\skybox.shader" />
    <None Include="Source\Shaders\dirShadMap.shader" />
    <None Include="Source\Shaders\pointShadMap.shader" />
    <None Include="Source\Shaders\position.shader" />
    <None Include="Source\Shaders\point.shader" />
    <None Include="Source\Shaders\line.shader" />
    <None Include="Source\Shaders\lightCull.shader" />
    <None Include="Source\Shaders\debug.shader" />
    <None Include="Source\Shaders\texture.shader" />
    <None Include="Source\Shaders\bloom.shader" />
    <None Include="Source\Shaders\bloom2.shader" />
    <None Include="Source\Shaders\tonemap.shader" />
    <None Include="Source\Shaders\bloom3.shader" />
    <None Include="Source\Shaders\sky.shader" />
    <None Include="Source\Shaders\sky2.shader" />
    <None Include="Source\Shaders\lightPass.glsl" />
    <None Include="Source\Shaders\gPass.glsl" />
    <None Include="Source\Shaders\shader.vert" />
    <None Include="Source\Shaders\shader.frag" />
  </ItemGroup>
</Project>